// !$*UTF8*$!
{
	archiveVersion = 1;
	classes = {
	};
	objectVersion = 50;
	objects = {

/* Begin PBXBuildFile section */
		71642763A4C39817637FB6C6 /* Pods_MVC.framework in Frameworks */ = {isa = PBXBuildFile; fileRef = 866A7ECE1DEA38B0821DF8A3 /* Pods_MVC.framework */; };
		B014B529217522260046B368 /* AppDelegate.swift in Sources */ = {isa = PBXBuildFile; fileRef = B014B528217522260046B368 /* AppDelegate.swift */; };
		B014B52E217522260046B368 /* Main.storyboard in Resources */ = {isa = PBXBuildFile; fileRef = B014B52C217522260046B368 /* Main.storyboard */; };
		B014B530217522270046B368 /* Assets.xcassets in Resources */ = {isa = PBXBuildFile; fileRef = B014B52F217522270046B368 /* Assets.xcassets */; };
		B014B533217522270046B368 /* LaunchScreen.storyboard in Resources */ = {isa = PBXBuildFile; fileRef = B014B531217522270046B368 /* LaunchScreen.storyboard */; };
		B014B540217522E70046B368 /* Photo.swift in Sources */ = {isa = PBXBuildFile; fileRef = B014B53F217522E70046B368 /* Photo.swift */; };
		B014B543217523B40046B368 /* content.json in Resources */ = {isa = PBXBuildFile; fileRef = B014B542217523B40046B368 /* content.json */; };
		B014B5472175245E0046B368 /* APIService.swift in Sources */ = {isa = PBXBuildFile; fileRef = B014B5462175245E0046B368 /* APIService.swift */; };
		B014B549217528FC0046B368 /* PhotoTableViewCell.swift in Sources */ = {isa = PBXBuildFile; fileRef = B014B548217528FC0046B368 /* PhotoTableViewCell.swift */; };
		B014B54B2175350C0046B368 /* PhotoDetailView.swift in Sources */ = {isa = PBXBuildFile; fileRef = B014B54A2175350C0046B368 /* PhotoDetailView.swift */; };
		F258AF8C2175F096003B373F /* PhotoListView.swift in Sources */ = {isa = PBXBuildFile; fileRef = F258AF8B2175F096003B373F /* PhotoListView.swift */; };
		F258AF8F2175F1D6003B373F /* PhotoListViewModel.swift in Sources */ = {isa = PBXBuildFile; fileRef = F258AF8E2175F1D6003B373F /* PhotoListViewModel.swift */; };
		F258AF912175F9AD003B373F /* PhotoTableViewCellViewModel.swift in Sources */ = {isa = PBXBuildFile; fileRef = F258AF902175F9AD003B373F /* PhotoTableViewCellViewModel.swift */; };
/* End PBXBuildFile section */

/* Begin PBXFileReference section */
		7F70C9C08A1DADB2DD70C355 /* Pods-MVC.release.xcconfig */ = {isa = PBXFileReference; includeInIndex = 1; lastKnownFileType = text.xcconfig; name = "Pods-MVC.release.xcconfig"; path = "Pods/Target Support Files/Pods-MVC/Pods-MVC.release.xcconfig"; sourceTree = "<group>"; };
		866A7ECE1DEA38B0821DF8A3 /* Pods_MVC.framework */ = {isa = PBXFileReference; explicitFileType = wrapper.framework; includeInIndex = 0; path = Pods_MVC.framework; sourceTree = BUILT_PRODUCTS_DIR; };
		B014B525217522260046B368 /* MVC.app */ = {isa = PBXFileReference; explicitFileType = wrapper.application; includeInIndex = 0; path = MVC.app; sourceTree = BUILT_PRODUCTS_DIR; };
		B014B528217522260046B368 /* AppDelegate.swift */ = {isa = PBXFileReference; lastKnownFileType = sourcecode.swift; path = AppDelegate.swift; sourceTree = "<group>"; };
		B014B52D217522260046B368 /* Base */ = {isa = PBXFileReference; lastKnownFileType = file.storyboard; name = Base; path = Base.lproj/Main.storyboard; sourceTree = "<group>"; };
		B014B52F217522270046B368 /* Assets.xcassets */ = {isa = PBXFileReference; lastKnownFileType = folder.assetcatalog; path = Assets.xcassets; sourceTree = "<group>"; };
		B014B532217522270046B368 /* Base */ = {isa = PBXFileReference; lastKnownFileType = file.storyboard; name = Base; path = Base.lproj/LaunchScreen.storyboard; sourceTree = "<group>"; };
		B014B534217522270046B368 /* Info.plist */ = {isa = PBXFileReference; lastKnownFileType = text.plist.xml; path = Info.plist; sourceTree = "<group>"; };
		B014B53F217522E70046B368 /* Photo.swift */ = {isa = PBXFileReference; lastKnownFileType = sourcecode.swift; path = Photo.swift; sourceTree = "<group>"; };
		B014B542217523B40046B368 /* content.json */ = {isa = PBXFileReference; fileEncoding = 4; lastKnownFileType = text.json; path = content.json; sourceTree = "<group>"; };
		B014B5462175245E0046B368 /* APIService.swift */ = {isa = PBXFileReference; lastKnownFileType = sourcecode.swift; path = APIService.swift; sourceTree = "<group>"; };
		B014B548217528FC0046B368 /* PhotoTableViewCell.swift */ = {isa = PBXFileReference; lastKnownFileType = sourcecode.swift; path = PhotoTableViewCell.swift; sourceTree = "<group>"; };
		B014B54A2175350C0046B368 /* PhotoDetailView.swift */ = {isa = PBXFileReference; lastKnownFileType = sourcecode.swift; path = PhotoDetailView.swift; sourceTree = "<group>"; };
		EE7B0B24A9D136B03F46D5E0 /* Pods-MVC.debug.xcconfig */ = {isa = PBXFileReference; includeInIndex = 1; lastKnownFileType = text.xcconfig; name = "Pods-MVC.debug.xcconfig"; path = "Pods/Target Support Files/Pods-MVC/Pods-MVC.debug.xcconfig"; sourceTree = "<group>"; };
		F258AF8B2175F096003B373F /* PhotoListView.swift */ = {isa = PBXFileReference; fileEncoding = 4; lastKnownFileType = sourcecode.swift; path = PhotoListView.swift; sourceTree = "<group>"; };
		F258AF8E2175F1D6003B373F /* PhotoListViewModel.swift */ = {isa = PBXFileReference; lastKnownFileType = sourcecode.swift; path = PhotoListViewModel.swift; sourceTree = "<group>"; };
		F258AF902175F9AD003B373F /* PhotoTableViewCellViewModel.swift */ = {isa = PBXFileReference; lastKnownFileType = sourcecode.swift; path = PhotoTableViewCellViewModel.swift; sourceTree = "<group>"; };
/* End PBXFileReference section */

/* Begin PBXFrameworksBuildPhase section */
		B014B522217522260046B368 /* Frameworks */ = {
			isa = PBXFrameworksBuildPhase;
			buildActionMask = 2147483647;
			files = (
				71642763A4C39817637FB6C6 /* Pods_MVC.framework in Frameworks */,
			);
			runOnlyForDeploymentPostprocessing = 0;
		};
/* End PBXFrameworksBuildPhase section */

/* Begin PBXGroup section */
		208E5EFA98596B8F7B4DBA54 /* Pods */ = {
			isa = PBXGroup;
			children = (
				EE7B0B24A9D136B03F46D5E0 /* Pods-MVC.debug.xcconfig */,
				7F70C9C08A1DADB2DD70C355 /* Pods-MVC.release.xcconfig */,
			);
			name = Pods;
			sourceTree = "<group>";
		};
		91971432095DE49EE1F3F90E /* Frameworks */ = {
			isa = PBXGroup;
			children = (
				866A7ECE1DEA38B0821DF8A3 /* Pods_MVC.framework */,
			);
			name = Frameworks;
			sourceTree = "<group>";
		};
		B014B51C217522260046B368 = {
			isa = PBXGroup;
			children = (
				B014B527217522260046B368 /* MVC */,
				B014B526217522260046B368 /* Products */,
				208E5EFA98596B8F7B4DBA54 /* Pods */,
				91971432095DE49EE1F3F90E /* Frameworks */,
			);
			sourceTree = "<group>";
		};
		B014B526217522260046B368 /* Products */ = {
			isa = PBXGroup;
			children = (
				B014B525217522260046B368 /* MVC.app */,
			);
			name = Products;
			sourceTree = "<group>";
		};
		B014B527217522260046B368 /* MVC */ = {
			isa = PBXGroup;
			children = (
				B014B53A217522780046B368 /* App */,
				B014B541217523A00046B368 /* Service */,
				B014B53E217522CA0046B368 /* Models */,
				B014B53C217522A30046B368 /* View */,
				F258AF8D2175F125003B373F /* ViewModel */,
				B014B53D217522AF0046B368 /* Resources */,
			);
			path = MVC;
			sourceTree = "<group>";
		};
		B014B53A217522780046B368 /* App */ = {
			isa = PBXGroup;
			children = (
				B014B528217522260046B368 /* AppDelegate.swift */,
				B014B534217522270046B368 /* Info.plist */,
			);
			path = App;
			sourceTree = "<group>";
		};
		B014B53C217522A30046B368 /* View */ = {
			isa = PBXGroup;
			children = (
				B014B52C217522260046B368 /* Main.storyboard */,
				B014B531217522270046B368 /* LaunchScreen.storyboard */,
				F258AF8B2175F096003B373F /* PhotoListView.swift */,
				B014B54A2175350C0046B368 /* PhotoDetailView.swift */,
				B014B548217528FC0046B368 /* PhotoTableViewCell.swift */,
			);
			path = View;
			sourceTree = "<group>";
		};
		B014B53D217522AF0046B368 /* Resources */ = {
			isa = PBXGroup;
			children = (
				B014B52F217522270046B368 /* Assets.xcassets */,
			);
			path = Resources;
			sourceTree = "<group>";
		};
		B014B53E217522CA0046B368 /* Models */ = {
			isa = PBXGroup;
			children = (
				B014B53F217522E70046B368 /* Photo.swift */,
			);
			path = Models;
			sourceTree = "<group>";
		};
		B014B541217523A00046B368 /* Service */ = {
			isa = PBXGroup;
			children = (
				B014B5462175245E0046B368 /* APIService.swift */,
				B014B542217523B40046B368 /* content.json */,
			);
			path = Service;
			sourceTree = "<group>";
		};
		F258AF8D2175F125003B373F /* ViewModel */ = {
			isa = PBXGroup;
			children = (
				F258AF8E2175F1D6003B373F /* PhotoListViewModel.swift */,
				F258AF902175F9AD003B373F /* PhotoTableViewCellViewModel.swift */,
			);
			path = ViewModel;
			sourceTree = "<group>";
		};
/* End PBXGroup section */

/* Begin PBXNativeTarget section */
		B014B524217522260046B368 /* MVC */ = {
			isa = PBXNativeTarget;
			buildConfigurationList = B014B537217522270046B368 /* Build configuration list for PBXNativeTarget "MVC" */;
			buildPhases = (
				32ABFD5FF5C358FE96A96B23 /* [CP] Check Pods Manifest.lock */,
				B014B521217522260046B368 /* Sources */,
				B014B522217522260046B368 /* Frameworks */,
				B014B523217522260046B368 /* Resources */,
				E8A61F085443E993DB749BA5 /* [CP] Embed Pods Frameworks */,
			);
			buildRules = (
			);
			dependencies = (
			);
			name = MVC;
			productName = MVC;
			productReference = B014B525217522260046B368 /* MVC.app */;
			productType = "com.apple.product-type.application";
		};
/* End PBXNativeTarget section */

/* Begin PBXProject section */
		B014B51D217522260046B368 /* Project object */ = {
			isa = PBXProject;
			attributes = {
				LastSwiftUpdateCheck = 1000;
				LastUpgradeCheck = 1000;
				ORGANIZATIONNAME = "Jaba Odishelashvili";
				TargetAttributes = {
					B014B524217522260046B368 = {
						CreatedOnToolsVersion = 10.0;
					};
				};
			};
			buildConfigurationList = B014B520217522260046B368 /* Build configuration list for PBXProject "MVC" */;
			compatibilityVersion = "Xcode 9.3";
			developmentRegion = en;
			hasScannedForEncodings = 0;
			knownRegions = (
				en,
				Base,
			);
			mainGroup = B014B51C217522260046B368;
			productRefGroup = B014B526217522260046B368 /* Products */;
			projectDirPath = "";
			projectRoot = "";
			targets = (
				B014B524217522260046B368 /* MVC */,
			);
		};
/* End PBXProject section */

/* Begin PBXResourcesBuildPhase section */
		B014B523217522260046B368 /* Resources */ = {
			isa = PBXResourcesBuildPhase;
			buildActionMask = 2147483647;
			files = (
				B014B533217522270046B368 /* LaunchScreen.storyboard in Resources */,
				B014B530217522270046B368 /* Assets.xcassets in Resources */,
				B014B52E217522260046B368 /* Main.storyboard in Resources */,
				B014B543217523B40046B368 /* content.json in Resources */,
			);
			runOnlyForDeploymentPostprocessing = 0;
		};
/* End PBXResourcesBuildPhase section */

/* Begin PBXShellScriptBuildPhase section */
		32ABFD5FF5C358FE96A96B23 /* [CP] Check Pods Manifest.lock */ = {
			isa = PBXShellScriptBuildPhase;
			buildActionMask = 2147483647;
			files = (
			);
			inputPaths = (
				"${PODS_PODFILE_DIR_PATH}/Podfile.lock",
				"${PODS_ROOT}/Manifest.lock",
			);
			name = "[CP] Check Pods Manifest.lock";
			outputPaths = (
				"$(DERIVED_FILE_DIR)/Pods-MVC-checkManifestLockResult.txt",
			);
			runOnlyForDeploymentPostprocessing = 0;
			shellPath = /bin/sh;
			shellScript = "diff \"${PODS_PODFILE_DIR_PATH}/Podfile.lock\" \"${PODS_ROOT}/Manifest.lock\" > /dev/null\nif [ $? != 0 ] ; then\n    # print error to STDERR\n    echo \"error: The sandbox is not in sync with the Podfile.lock. Run 'pod install' or update your CocoaPods installation.\" >&2\n    exit 1\nfi\n# This output is used by Xcode 'outputs' to avoid re-running this script phase.\necho \"SUCCESS\" > \"${SCRIPT_OUTPUT_FILE_0}\"\n";
			showEnvVarsInLog = 0;
		};
		E8A61F085443E993DB749BA5 /* [CP] Embed Pods Frameworks */ = {
			isa = PBXShellScriptBuildPhase;
			buildActionMask = 2147483647;
			files = (
			);
			inputPaths = (
				"${SRCROOT}/Pods/Target Support Files/Pods-MVC/Pods-MVC-frameworks.sh",
				"${BUILT_PRODUCTS_DIR}/SDWebImage/SDWebImage.framework",
			);
			name = "[CP] Embed Pods Frameworks";
			outputPaths = (
				"${TARGET_BUILD_DIR}/${FRAMEWORKS_FOLDER_PATH}/SDWebImage.framework",
			);
			runOnlyForDeploymentPostprocessing = 0;
			shellPath = /bin/sh;
			shellScript = "\"${SRCROOT}/Pods/Target Support Files/Pods-MVC/Pods-MVC-frameworks.sh\"\n";
			showEnvVarsInLog = 0;
		};
/* End PBXShellScriptBuildPhase section */

/* Begin PBXSourcesBuildPhase section */
		B014B521217522260046B368 /* Sources */ = {
			isa = PBXSourcesBuildPhase;
			buildActionMask = 2147483647;
			files = (
				B014B54B2175350C0046B368 /* PhotoDetailView.swift in Sources */,
				B014B549217528FC0046B368 /* PhotoTableViewCell.swift in Sources */,
				B014B540217522E70046B368 /* Photo.swift in Sources */,
				B014B5472175245E0046B368 /* APIService.swift in Sources */,
				B014B529217522260046B368 /* AppDelegate.swift in Sources */,
				F258AF8C2175F096003B373F /* PhotoListView.swift in Sources */,
				F258AF8F2175F1D6003B373F /* PhotoListViewModel.swift in Sources */,
				F258AF912175F9AD003B373F /* PhotoTableViewCellViewModel.swift in Sources */,
			);
			runOnlyForDeploymentPostprocessing = 0;
		};
/* End PBXSourcesBuildPhase section */

/* Begin PBXVariantGroup section */
		B014B52C217522260046B368 /* Main.storyboard */ = {
			isa = PBXVariantGroup;
			children = (
				B014B52D217522260046B368 /* Base */,
			);
			name = Main.storyboard;
			sourceTree = "<group>";
		};
		B014B531217522270046B368 /* LaunchScreen.storyboard */ = {
			isa = PBXVariantGroup;
			children = (
				B014B532217522270046B368 /* Base */,
			);
			name = LaunchScreen.storyboard;
			sourceTree = "<group>";
		};
/* End PBXVariantGroup section */

/* Begin XCBuildConfiguration section */
		B014B535217522270046B368 /* Debug */ = {
			isa = XCBuildConfiguration;
			buildSettings = {
				ALWAYS_SEARCH_USER_PATHS = NO;
				CLANG_ANALYZER_NONNULL = YES;
				CLANG_ANALYZER_NUMBER_OBJECT_CONVERSION = YES_AGGRESSIVE;
				CLANG_CXX_LANGUAGE_STANDARD = "gnu++14";
				CLANG_CXX_LIBRARY = "libc++";
				CLANG_ENABLE_MODULES = YES;
				CLANG_ENABLE_OBJC_ARC = YES;
				CLANG_ENABLE_OBJC_WEAK = YES;
				CLANG_WARN_BLOCK_CAPTURE_AUTORELEASING = YES;
				CLANG_WARN_BOOL_CONVERSION = YES;
				CLANG_WARN_COMMA = YES;
				CLANG_WARN_CONSTANT_CONVERSION = YES;
				CLANG_WARN_DEPRECATED_OBJC_IMPLEMENTATIONS = YES;
				CLANG_WARN_DIRECT_OBJC_ISA_USAGE = YES_ERROR;
				CLANG_WARN_DOCUMENTATION_COMMENTS = YES;
				CLANG_WARN_EMPTY_BODY = YES;
				CLANG_WARN_ENUM_CONVERSION = YES;
				CLANG_WARN_INFINITE_RECURSION = YES;
				CLANG_WARN_INT_CONVERSION = YES;
				CLANG_WARN_NON_LITERAL_NULL_CONVERSION = YES;
				CLANG_WARN_OBJC_IMPLICIT_RETAIN_SELF = YES;
				CLANG_WARN_OBJC_LITERAL_CONVERSION = YES;
				CLANG_WARN_OBJC_ROOT_CLASS = YES_ERROR;
				CLANG_WARN_RANGE_LOOP_ANALYSIS = YES;
				CLANG_WARN_STRICT_PROTOTYPES = YES;
				CLANG_WARN_SUSPICIOUS_MOVE = YES;
				CLANG_WARN_UNGUARDED_AVAILABILITY = YES_AGGRESSIVE;
				CLANG_WARN_UNREACHABLE_CODE = YES;
				CLANG_WARN__DUPLICATE_METHOD_MATCH = YES;
				CODE_SIGN_IDENTITY = "iPhone Developer";
				COPY_PHASE_STRIP = NO;
				DEBUG_INFORMATION_FORMAT = dwarf;
				ENABLE_STRICT_OBJC_MSGSEND = YES;
				ENABLE_TESTABILITY = YES;
				GCC_C_LANGUAGE_STANDARD = gnu11;
				GCC_DYNAMIC_NO_PIC = NO;
				GCC_NO_COMMON_BLOCKS = YES;
				GCC_OPTIMIZATION_LEVEL = 0;
				GCC_PREPROCESSOR_DEFINITIONS = (
					"DEBUG=1",
					"$(inherited)",
				);
				GCC_WARN_64_TO_32_BIT_CONVERSION = YES;
				GCC_WARN_ABOUT_RETURN_TYPE = YES_ERROR;
				GCC_WARN_UNDECLARED_SELECTOR = YES;
				GCC_WARN_UNINITIALIZED_AUTOS = YES_AGGRESSIVE;
				GCC_WARN_UNUSED_FUNCTION = YES;
				GCC_WARN_UNUSED_VARIABLE = YES;
				IPHONEOS_DEPLOYMENT_TARGET = 12.0;
				MTL_ENABLE_DEBUG_INFO = INCLUDE_SOURCE;
				MTL_FAST_MATH = YES;
				ONLY_ACTIVE_ARCH = YES;
				SDKROOT = iphoneos;
				SWIFT_ACTIVE_COMPILATION_CONDITIONS = DEBUG;
				SWIFT_OPTIMIZATION_LEVEL = "-Onone";
			};
			name = Debug;
		};
		B014B536217522270046B368 /* Release */ = {
			isa = XCBuildConfiguration;
			buildSettings = {
				ALWAYS_SEARCH_USER_PATHS = NO;
				CLANG_ANALYZER_NONNULL = YES;
				CLANG_ANALYZER_NUMBER_OBJECT_CONVERSION = YES_AGGRESSIVE;
				CLANG_CXX_LANGUAGE_STANDARD = "gnu++14";
				CLANG_CXX_LIBRARY = "libc++";
				CLANG_ENABLE_MODULES = YES;
				CLANG_ENABLE_OBJC_ARC = YES;
				CLANG_ENABLE_OBJC_WEAK = YES;
				CLANG_WARN_BLOCK_CAPTURE_AUTORELEASING = YES;
				CLANG_WARN_BOOL_CONVERSION = YES;
				CLANG_WARN_COMMA = YES;
				CLANG_WARN_CONSTANT_CONVERSION = YES;
				CLANG_WARN_DEPRECATED_OBJC_IMPLEMENTATIONS = YES;
				CLANG_WARN_DIRECT_OBJC_ISA_USAGE = YES_ERROR;
				CLANG_WARN_DOCUMENTATION_COMMENTS = YES;
				CLANG_WARN_EMPTY_BODY = YES;
				CLANG_WARN_ENUM_CONVERSION = YES;
				CLANG_WARN_INFINITE_RECURSION = YES;
				CLANG_WARN_INT_CONVERSION = YES;
				CLANG_WARN_NON_LITERAL_NULL_CONVERSION = YES;
				CLANG_WARN_OBJC_IMPLICIT_RETAIN_SELF = YES;
				CLANG_WARN_OBJC_LITERAL_CONVERSION = YES;
				CLANG_WARN_OBJC_ROOT_CLASS = YES_ERROR;
				CLANG_WARN_RANGE_LOOP_ANALYSIS = YES;
				CLANG_WARN_STRICT_PROTOTYPES = YES;
				CLANG_WARN_SUSPICIOUS_MOVE = YES;
				CLANG_WARN_UNGUARDED_AVAILABILITY = YES_AGGRESSIVE;
				CLANG_WARN_UNREACHABLE_CODE = YES;
				CLANG_WARN__DUPLICATE_METHOD_MATCH = YES;
				CODE_SIGN_IDENTITY = "iPhone Developer";
				COPY_PHASE_STRIP = NO;
				DEBUG_INFORMATION_FORMAT = "dwarf-with-dsym";
				ENABLE_NS_ASSERTIONS = NO;
				ENABLE_STRICT_OBJC_MSGSEND = YES;
				GCC_C_LANGUAGE_STANDARD = gnu11;
				GCC_NO_COMMON_BLOCKS = YES;
				GCC_WARN_64_TO_32_BIT_CONVERSION = YES;
				GCC_WARN_ABOUT_RETURN_TYPE = YES_ERROR;
				GCC_WARN_UNDECLARED_SELECTOR = YES;
				GCC_WARN_UNINITIALIZED_AUTOS = YES_AGGRESSIVE;
				GCC_WARN_UNUSED_FUNCTION = YES;
				GCC_WARN_UNUSED_VARIABLE = YES;
				IPHONEOS_DEPLOYMENT_TARGET = 12.0;
				MTL_ENABLE_DEBUG_INFO = NO;
				MTL_FAST_MATH = YES;
				SDKROOT = iphoneos;
				SWIFT_COMPILATION_MODE = wholemodule;
				SWIFT_OPTIMIZATION_LEVEL = "-O";
				VALIDATE_PRODUCT = YES;
			};
			name = Release;
		};
		B014B538217522270046B368 /* Debug */ = {
			isa = XCBuildConfiguration;
			baseConfigurationReference = EE7B0B24A9D136B03F46D5E0 /* Pods-MVC.debug.xcconfig */;
			buildSettings = {
				ASSETCATALOG_COMPILER_APPICON_NAME = AppIcon;
				CODE_SIGN_STYLE = Automatic;
				INFOPLIST_FILE = "$(SRCROOT)/MVC/App/Info.plist";
				LD_RUNPATH_SEARCH_PATHS = (
					"$(inherited)",
					"@executable_path/Frameworks",
				);
				PRODUCT_BUNDLE_IDENTIFIER = com.space.firstxcode.MVC;
				PRODUCT_NAME = "$(TARGET_NAME)";
				SWIFT_VERSION = 4.2;
				TARGETED_DEVICE_FAMILY = "1,2";
			};
			name = Debug;
		};
		B014B539217522270046B368 /* Release */ = {
			isa = XCBuildConfiguration;
			baseConfigurationReference = 7F70C9C08A1DADB2DD70C355 /* Pods-MVC.release.xcconfig */;
			buildSettings = {
				ASSETCATALOG_COMPILER_APPICON_NAME = AppIcon;
				CODE_SIGN_STYLE = Automatic;
				INFOPLIST_FILE = "$(SRCROOT)/MVC/App/Info.plist";
				LD_RUNPATH_SEARCH_PATHS = (
					"$(inherited)",
					"@executable_path/Frameworks",
				);
				PRODUCT_BUNDLE_IDENTIFIER = com.space.firstxcode.MVC;
				PRODUCT_NAME = "$(TARGET_NAME)";
				SWIFT_VERSION = 4.2;
				TARGETED_DEVICE_FAMILY = "1,2";
			};
			name = Release;
		};
/* End XCBuildConfiguration section */

/* Begin XCConfigurationList section */
		B014B520217522260046B368 /* Build configuration list for PBXProject "MVC" */ = {
			isa = XCConfigurationList;
			buildConfigurations = (
				B014B535217522270046B368 /* Debug */,
				B014B536217522270046B368 /* Release */,
			);
			defaultConfigurationIsVisible = 0;
			defaultConfigurationName = Release;
		};
		B014B537217522270046B368 /* Build configuration list for PBXNativeTarget "MVC" */ = {
			isa = XCConfigurationList;
			buildConfigurations = (
				B014B538217522270046B368 /* Debug */,
				B014B539217522270046B368 /* Release */,
			);
			defaultConfigurationIsVisible = 0;
			defaultConfigurationName = Release;
		};
/* End XCConfigurationList section */
	};
	rootObject = B014B51D217522260046B368 /* Project object */;
}
